
Microsoft Visual Studio Solution File, Format Version 12.00
# Visual Studio Version 17
VisualStudioVersion = 17.11.35208.52
MinimumVisualStudioVersion = 10.0.40219.1
Project("{FAE04EC0-301F-11D3-BF4B-00C04F79EFBC}") = "FakeStore", "FakeStore\FakeStore.csproj", "{B16DB098-0E23-415A-9B08-0CBA1F4FEBC6}"
EndProject
Global
	GlobalSection(SolutionConfigurationPlatforms) = preSolution
		Debug|Any CPU = Debug|Any CPU
		Release|Any CPU = Release|Any CPU
	EndGlobalSection
	GlobalSection(ProjectConfigurationPlatforms) = postSolution
		{B16DB098-0E23-415A-9B08-0CBA1F4FEBC6}.Debug|Any CPU.ActiveCfg = Debug|Any CPU
		{B16DB098-0E23-415A-9B08-0CBA1F4FEBC6}.Debug|Any CPU.Build.0 = Debug|Any CPU
		{B16DB098-0E23-415A-9B08-0CBA1F4FEBC6}.Debug|Any CPU.Deploy.0 = Debug|Any CPU
		{B16DB098-0E23-415A-9B08-0CBA1F4FEBC6}.Release|Any CPU.ActiveCfg = Release|Any CPU
		{B16DB098-0E23-415A-9B08-0CBA1F4FEBC6}.Release|Any CPU.Build.0 = Release|Any CPU
		{B16DB098-0E23-415A-9B08-0CBA1F4FEBC6}.Release|Any CPU.Deploy.0 = Release|Any CPU
	EndGlobalSection
	GlobalSection(SolutionProperties) = preSolution
		HideSolutionNode = FALSE
	EndGlobalSection
	GlobalSection(ExtensibilityGlobals) = postSolution
		SolutionGuid = {0F30B081-C3BF-4D71-8331-66D34D7009AE}
	EndGlobalSection
EndGlobal
